<Solution>
  <Folder Name="/src/">
    <Project Path="src/ControlShift.App/ControlShift.App.csproj">
      <Platform Project="x86" />
    </Project>
    <Project Path="src/ControlShift.Core/ControlShift.Core.csproj" />
    <Project Path="src/ControlShift.Installer/ControlShift.Installer.csproj" />
  </Folder>
  <Folder Name="/tests/">
    <Project Path="tests/ControlShift.Core.Tests/ControlShift.Core.Tests.csproj" />
  </Folder>
</Solution>
